
Microsoft Visual Studio Solution File, Format Version 12.00
# Visual Studio Version 17
VisualStudioVersion = 17.0.31903.59
MinimumVisualStudioVersion = 10.0.40219.1
Project("{9A19103F-16F7-4668-BE54-9A1E7A4F7556}") = "RiverBooks.Web", "RiverBooks.Web\RiverBooks.Web.csproj", "{4D6FF091-73F1-45B0-8C05-5B8A7C15059B}"
EndProject
Project("{9A19103F-16F7-4668-BE54-9A1E7A4F7556}") = "RiverBooks.Books", "RiverBooks.Books\RiverBooks.Books.csproj", "{FF51A9DF-E0E7-4E19-B0D4-0AB127BBC523}"
EndProject
Project("{2150E333-8FDC-42A3-9474-1A3956D46DE8}") = "_Solution Items", "_Solution Items", "{B9DBBD6B-6A5A-4DF6-B3E1-69DD1F89F9F2}"
	ProjectSection(SolutionItems) = preProject
		Directory.Build.props = Directory.Build.props
		..\Readme.md = ..\Readme.md
	EndProjectSection
EndProject
Project("{2150E333-8FDC-42A3-9474-1A3956D46DE8}") = "Books Module", "Books Module", "{07C528A1-B512-45B0-A7F4-5ADC2C39A30C}"
EndProject
Project("{2150E333-8FDC-42A3-9474-1A3956D46DE8}") = "Users Module", "Users Module", "{24E68DB3-D0A7-428C-8404-6B6F9E8A242F}"
EndProject
Project("{9A19103F-16F7-4668-BE54-9A1E7A4F7556}") = "RiverBooks.Users", "RiverBooks.Users\RiverBooks.Users.csproj", "{02BD74FE-8414-49AB-A3A2-01F382A04F7B}"
EndProject
Project("{9A19103F-16F7-4668-BE54-9A1E7A4F7556}") = "RiverBooks.Books.Contracts", "RiverBooks.Books.Contracts\RiverBooks.Books.Contracts.csproj", "{33704540-4CE4-4EC4-A8D2-5F3F9A48CA36}"
EndProject
Project("{2150E333-8FDC-42A3-9474-1A3956D46DE8}") = "OrderProcessing Module", "OrderProcessing Module", "{6C462A57-D3FE-43A3-8CD6-20072BA3615A}"
EndProject
Project("{9A19103F-16F7-4668-BE54-9A1E7A4F7556}") = "RiverBooks.OrderProcessing", "RiverBooks.OrderProcessing\RiverBooks.OrderProcessing.csproj", "{43218B36-248E-4616-B6EA-D095BE799078}"
EndProject
Project("{9A19103F-16F7-4668-BE54-9A1E7A4F7556}") = "RiverBooks.OrderProcessing.Contracts", "RiverBooks.OrderProcessing.Contracts\RiverBooks.OrderProcessing.Contracts.csproj", "{E54CFC67-0DC4-4978-8918-A09F9F65861D}"
EndProject
Project("{9A19103F-16F7-4668-BE54-9A1E7A4F7556}") = "RiverBooks.Users.Contracts", "RiverBooks.Users.Contracts\RiverBooks.Users.Contracts.csproj", "{73BF6373-2BAC-4E20-A3E2-0A7C320A50B4}"
EndProject
Project("{9A19103F-16F7-4668-BE54-9A1E7A4F7556}") = "RiverBooks.SharedKernel", "RiverBooks.SharedKernel\RiverBooks.SharedKernel.csproj", "{83CFD5FC-005D-46ED-87E2-BC2542E2DBA4}"
EndProject
Project("{2150E333-8FDC-42A3-9474-1A3956D46DE8}") = "EmailSending Module", "EmailSending Module", "{6E5A27C3-DC35-482A-8B36-861D4FD6321C}"
EndProject
Project("{9A19103F-16F7-4668-BE54-9A1E7A4F7556}") = "RiverBooks.EmailSending", "RiverBooks.EmailSending\RiverBooks.EmailSending.csproj", "{861C05E3-60E3-43F0-A63E-A284ED8C44E1}"
EndProject
Project("{9A19103F-16F7-4668-BE54-9A1E7A4F7556}") = "RiverBooks.EmailSending.Contracts", "RiverBooks.EmailSending.Contracts\RiverBooks.EmailSending.Contracts.csproj", "{DB5A7E69-9D91-4D7B-9046-11B4DE432314}"
EndProject
Project("{2150E333-8FDC-42A3-9474-1A3956D46DE8}") = "Reporting Module", "Reporting Module", "{ED16DF5F-8BD0-42E4-ABE0-C46D506A7101}"
EndProject
Project("{9A19103F-16F7-4668-BE54-9A1E7A4F7556}") = "RiverBooks.Reporting", "RiverBooks.Reporting\RiverBooks.Reporting.csproj", "{126F9F18-ECCE-4395-BAEF-908C6DE9ACDF}"
EndProject
Project("{9A19103F-16F7-4668-BE54-9A1E7A4F7556}") = "RiverBooks.Books.Api", "RiverBooks.Books.Api\RiverBooks.Books.Api.csproj", "{1D9FC296-5290-4770-ABEA-108A1E469A8B}"
EndProject
Project("{9A19103F-16F7-4668-BE54-9A1E7A4F7556}") = "RiverBooks.Users.Api", "RiverBooks.Users.Api\RiverBooks.Users.Api.csproj", "{5DCBDD6B-A052-4EB8-AE29-58FE26774FF7}"
EndProject
Project("{9A19103F-16F7-4668-BE54-9A1E7A4F7556}") = "RiverBooks.OrderProcessing.Api", "RiverBooks.OrderProcessing.Api\RiverBooks.OrderProcessing.Api.csproj", "{410E61C4-A293-4BFE-B6DB-19BB0121FFCB}"
EndProject
Project("{9A19103F-16F7-4668-BE54-9A1E7A4F7556}") = "RiverBooks.EmailSending.Api", "RiverBooks.EmailSending.Api\RiverBooks.EmailSending.Api.csproj", "{8313E66C-33AB-4444-A4C0-EDA96B73ABEB}"
EndProject
Project("{9A19103F-16F7-4668-BE54-9A1E7A4F7556}") = "RiverBooks.Reporting.Api", "RiverBooks.Reporting.Api\RiverBooks.Reporting.Api.csproj", "{A7C2E986-53D6-41F4-9EE0-D421029FAEDB}"
EndProject
Project("{9A19103F-16F7-4668-BE54-9A1E7A4F7556}") = "RiverBooks.Reporting.Contracts", "RiverBooks.Reporting.Contracts\RiverBooks.Reporting.Contracts.csproj", "{58C565B7-12FC-4E24-9CCE-E07E1EC01592}"
EndProject
Project("{2150E333-8FDC-42A3-9474-1A3956D46DE8}") = "SharedKernel", "SharedKernel", "{96BA459C-166D-4BEB-A440-5C5AF4D787D6}"
EndProject
Project("{9A19103F-16F7-4668-BE54-9A1E7A4F7556}") = "RiverBooks.SharedKernel.Tests", "RiverBooks.SharedKernel.Tests\RiverBooks.SharedKernel.Tests.csproj", "{A157B4A2-020A-4595-9895-EE3C8A84486D}"
EndProject
Project("{2150E333-8FDC-42A3-9474-1A3956D46DE8}") = "BenchmarksProjects", "BenchmarksProjects", "{E2177BDE-10C0-4467-9CE8-F6E2FC6385CB}"
EndProject
Project("{9A19103F-16F7-4668-BE54-9A1E7A4F7556}") = "RiverBooks.Benchmarks.Console", "RiverBooks.Benchmarks.Console\RiverBooks.Benchmarks.Console.csproj", "{8E089958-A6EF-42CE-9182-E1D5A87B51F8}"
EndProject
Project("{2150E333-8FDC-42A3-9474-1A3956D46DE8}") = "Events Module", "Events Module", "{73D42889-CCD3-4337-9A44-6AD3C827A190}"
EndProject
Project("{9A19103F-16F7-4668-BE54-9A1E7A4F7556}") = "RiverBooks.EventsProcessing", "RiverBooks.EventsProcessing\RiverBooks.EventsProcessing.csproj", "{94356B62-3300-4422-B0CA-F66FDEB80B24}"
EndProject
Project("{9A19103F-16F7-4668-BE54-9A1E7A4F7556}") = "RiverBooks.EventsProcessing.Api", "RiverBooks.EventsProcessing.Api\RiverBooks.EventsProcessing.Api.csproj", "{AD0D22EE-7C42-4E96-BF76-BE5B3C09925D}"
EndProject
Project("{9A19103F-16F7-4668-BE54-9A1E7A4F7556}") = "RiverBooks.EventsProcessing.Contracts", "RiverBooks.EventsProcessing.Contracts\RiverBooks.EventsProcessing.Contracts.csproj", "{1B89E342-3634-4F37-AB0F-4C4408FD90EA}"
EndProject
Project("{9A19103F-16F7-4668-BE54-9A1E7A4F7556}") = "RiverBooks.Integration.Tests", "RiverBooks.Integration.Tests\RiverBooks.Integration.Tests.csproj", "{753EF1B0-DE85-4F97-A917-3AFADDA7455D}"
EndProject
Project("{E53339B2-1760-4266-BCC7-CA923CBCF16C}") = "docker-compose", "docker-compose.dcproj", "{C8030692-3A6D-4C12-952C-C4DB1C04E00E}"
EndProject
Global
	GlobalSection(SolutionConfigurationPlatforms) = preSolution
		Debug|Any CPU = Debug|Any CPU
		Release|Any CPU = Release|Any CPU
	EndGlobalSection
	GlobalSection(ProjectConfigurationPlatforms) = postSolution
		{4D6FF091-73F1-45B0-8C05-5B8A7C15059B}.Debug|Any CPU.ActiveCfg = Debug|Any CPU
		{4D6FF091-73F1-45B0-8C05-5B8A7C15059B}.Debug|Any CPU.Build.0 = Debug|Any CPU
		{4D6FF091-73F1-45B0-8C05-5B8A7C15059B}.Release|Any CPU.ActiveCfg = Release|Any CPU
		{4D6FF091-73F1-45B0-8C05-5B8A7C15059B}.Release|Any CPU.Build.0 = Release|Any CPU
		{FF51A9DF-E0E7-4E19-B0D4-0AB127BBC523}.Debug|Any CPU.ActiveCfg = Debug|Any CPU
		{FF51A9DF-E0E7-4E19-B0D4-0AB127BBC523}.Debug|Any CPU.Build.0 = Debug|Any CPU
		{FF51A9DF-E0E7-4E19-B0D4-0AB127BBC523}.Release|Any CPU.ActiveCfg = Release|Any CPU
		{FF51A9DF-E0E7-4E19-B0D4-0AB127BBC523}.Release|Any CPU.Build.0 = Release|Any CPU
		{02BD74FE-8414-49AB-A3A2-01F382A04F7B}.Debug|Any CPU.ActiveCfg = Debug|Any CPU
		{02BD74FE-8414-49AB-A3A2-01F382A04F7B}.Debug|Any CPU.Build.0 = Debug|Any CPU
		{02BD74FE-8414-49AB-A3A2-01F382A04F7B}.Release|Any CPU.ActiveCfg = Release|Any CPU
		{02BD74FE-8414-49AB-A3A2-01F382A04F7B}.Release|Any CPU.Build.0 = Release|Any CPU
		{33704540-4CE4-4EC4-A8D2-5F3F9A48CA36}.Debug|Any CPU.ActiveCfg = Debug|Any CPU
		{33704540-4CE4-4EC4-A8D2-5F3F9A48CA36}.Debug|Any CPU.Build.0 = Debug|Any CPU
		{33704540-4CE4-4EC4-A8D2-5F3F9A48CA36}.Release|Any CPU.ActiveCfg = Release|Any CPU
		{33704540-4CE4-4EC4-A8D2-5F3F9A48CA36}.Release|Any CPU.Build.0 = Release|Any CPU
		{43218B36-248E-4616-B6EA-D095BE799078}.Debug|Any CPU.ActiveCfg = Debug|Any CPU
		{43218B36-248E-4616-B6EA-D095BE799078}.Debug|Any CPU.Build.0 = Debug|Any CPU
		{43218B36-248E-4616-B6EA-D095BE799078}.Release|Any CPU.ActiveCfg = Release|Any CPU
		{43218B36-248E-4616-B6EA-D095BE799078}.Release|Any CPU.Build.0 = Release|Any CPU
		{E54CFC67-0DC4-4978-8918-A09F9F65861D}.Debug|Any CPU.ActiveCfg = Debug|Any CPU
		{E54CFC67-0DC4-4978-8918-A09F9F65861D}.Debug|Any CPU.Build.0 = Debug|Any CPU
		{E54CFC67-0DC4-4978-8918-A09F9F65861D}.Release|Any CPU.ActiveCfg = Release|Any CPU
		{E54CFC67-0DC4-4978-8918-A09F9F65861D}.Release|Any CPU.Build.0 = Release|Any CPU
		{73BF6373-2BAC-4E20-A3E2-0A7C320A50B4}.Debug|Any CPU.ActiveCfg = Debug|Any CPU
		{73BF6373-2BAC-4E20-A3E2-0A7C320A50B4}.Debug|Any CPU.Build.0 = Debug|Any CPU
		{73BF6373-2BAC-4E20-A3E2-0A7C320A50B4}.Release|Any CPU.ActiveCfg = Release|Any CPU
		{73BF6373-2BAC-4E20-A3E2-0A7C320A50B4}.Release|Any CPU.Build.0 = Release|Any CPU
		{83CFD5FC-005D-46ED-87E2-BC2542E2DBA4}.Debug|Any CPU.ActiveCfg = Debug|Any CPU
		{83CFD5FC-005D-46ED-87E2-BC2542E2DBA4}.Debug|Any CPU.Build.0 = Debug|Any CPU
		{83CFD5FC-005D-46ED-87E2-BC2542E2DBA4}.Release|Any CPU.ActiveCfg = Release|Any CPU
		{83CFD5FC-005D-46ED-87E2-BC2542E2DBA4}.Release|Any CPU.Build.0 = Release|Any CPU
		{861C05E3-60E3-43F0-A63E-A284ED8C44E1}.Debug|Any CPU.ActiveCfg = Debug|Any CPU
		{861C05E3-60E3-43F0-A63E-A284ED8C44E1}.Debug|Any CPU.Build.0 = Debug|Any CPU
		{861C05E3-60E3-43F0-A63E-A284ED8C44E1}.Release|Any CPU.ActiveCfg = Release|Any CPU
		{861C05E3-60E3-43F0-A63E-A284ED8C44E1}.Release|Any CPU.Build.0 = Release|Any CPU
		{DB5A7E69-9D91-4D7B-9046-11B4DE432314}.Debug|Any CPU.ActiveCfg = Debug|Any CPU
		{DB5A7E69-9D91-4D7B-9046-11B4DE432314}.Debug|Any CPU.Build.0 = Debug|Any CPU
		{DB5A7E69-9D91-4D7B-9046-11B4DE432314}.Release|Any CPU.ActiveCfg = Release|Any CPU
		{DB5A7E69-9D91-4D7B-9046-11B4DE432314}.Release|Any CPU.Build.0 = Release|Any CPU
		{126F9F18-ECCE-4395-BAEF-908C6DE9ACDF}.Debug|Any CPU.ActiveCfg = Debug|Any CPU
		{126F9F18-ECCE-4395-BAEF-908C6DE9ACDF}.Debug|Any CPU.Build.0 = Debug|Any CPU
		{126F9F18-ECCE-4395-BAEF-908C6DE9ACDF}.Release|Any CPU.ActiveCfg = Release|Any CPU
		{126F9F18-ECCE-4395-BAEF-908C6DE9ACDF}.Release|Any CPU.Build.0 = Release|Any CPU
		{1D9FC296-5290-4770-ABEA-108A1E469A8B}.Debug|Any CPU.ActiveCfg = Debug|Any CPU
		{1D9FC296-5290-4770-ABEA-108A1E469A8B}.Debug|Any CPU.Build.0 = Debug|Any CPU
		{1D9FC296-5290-4770-ABEA-108A1E469A8B}.Release|Any CPU.ActiveCfg = Release|Any CPU
		{1D9FC296-5290-4770-ABEA-108A1E469A8B}.Release|Any CPU.Build.0 = Release|Any CPU
		{5DCBDD6B-A052-4EB8-AE29-58FE26774FF7}.Debug|Any CPU.ActiveCfg = Debug|Any CPU
		{5DCBDD6B-A052-4EB8-AE29-58FE26774FF7}.Debug|Any CPU.Build.0 = Debug|Any CPU
		{5DCBDD6B-A052-4EB8-AE29-58FE26774FF7}.Release|Any CPU.ActiveCfg = Release|Any CPU
		{5DCBDD6B-A052-4EB8-AE29-58FE26774FF7}.Release|Any CPU.Build.0 = Release|Any CPU
		{410E61C4-A293-4BFE-B6DB-19BB0121FFCB}.Debug|Any CPU.ActiveCfg = Debug|Any CPU
		{410E61C4-A293-4BFE-B6DB-19BB0121FFCB}.Debug|Any CPU.Build.0 = Debug|Any CPU
		{410E61C4-A293-4BFE-B6DB-19BB0121FFCB}.Release|Any CPU.ActiveCfg = Release|Any CPU
		{410E61C4-A293-4BFE-B6DB-19BB0121FFCB}.Release|Any CPU.Build.0 = Release|Any CPU
		{8313E66C-33AB-4444-A4C0-EDA96B73ABEB}.Debug|Any CPU.ActiveCfg = Debug|Any CPU
		{8313E66C-33AB-4444-A4C0-EDA96B73ABEB}.Debug|Any CPU.Build.0 = Debug|Any CPU
		{8313E66C-33AB-4444-A4C0-EDA96B73ABEB}.Release|Any CPU.ActiveCfg = Release|Any CPU
		{8313E66C-33AB-4444-A4C0-EDA96B73ABEB}.Release|Any CPU.Build.0 = Release|Any CPU
		{A7C2E986-53D6-41F4-9EE0-D421029FAEDB}.Debug|Any CPU.ActiveCfg = Debug|Any CPU
		{A7C2E986-53D6-41F4-9EE0-D421029FAEDB}.Debug|Any CPU.Build.0 = Debug|Any CPU
		{A7C2E986-53D6-41F4-9EE0-D421029FAEDB}.Release|Any CPU.ActiveCfg = Release|Any CPU
		{A7C2E986-53D6-41F4-9EE0-D421029FAEDB}.Release|Any CPU.Build.0 = Release|Any CPU
		{58C565B7-12FC-4E24-9CCE-E07E1EC01592}.Debug|Any CPU.ActiveCfg = Debug|Any CPU
		{58C565B7-12FC-4E24-9CCE-E07E1EC01592}.Debug|Any CPU.Build.0 = Debug|Any CPU
		{58C565B7-12FC-4E24-9CCE-E07E1EC01592}.Release|Any CPU.ActiveCfg = Release|Any CPU
		{58C565B7-12FC-4E24-9CCE-E07E1EC01592}.Release|Any CPU.Build.0 = Release|Any CPU
		{A157B4A2-020A-4595-9895-EE3C8A84486D}.Debug|Any CPU.ActiveCfg = Debug|Any CPU
		{A157B4A2-020A-4595-9895-EE3C8A84486D}.Debug|Any CPU.Build.0 = Debug|Any CPU
		{A157B4A2-020A-4595-9895-EE3C8A84486D}.Release|Any CPU.ActiveCfg = Release|Any CPU
		{A157B4A2-020A-4595-9895-EE3C8A84486D}.Release|Any CPU.Build.0 = Release|Any CPU
		{8E089958-A6EF-42CE-9182-E1D5A87B51F8}.Debug|Any CPU.ActiveCfg = Debug|Any CPU
		{8E089958-A6EF-42CE-9182-E1D5A87B51F8}.Debug|Any CPU.Build.0 = Debug|Any CPU
		{8E089958-A6EF-42CE-9182-E1D5A87B51F8}.Release|Any CPU.ActiveCfg = Release|Any CPU
		{8E089958-A6EF-42CE-9182-E1D5A87B51F8}.Release|Any CPU.Build.0 = Release|Any CPU
		{94356B62-3300-4422-B0CA-F66FDEB80B24}.Debug|Any CPU.ActiveCfg = Debug|Any CPU
		{94356B62-3300-4422-B0CA-F66FDEB80B24}.Debug|Any CPU.Build.0 = Debug|Any CPU
		{94356B62-3300-4422-B0CA-F66FDEB80B24}.Release|Any CPU.ActiveCfg = Release|Any CPU
		{94356B62-3300-4422-B0CA-F66FDEB80B24}.Release|Any CPU.Build.0 = Release|Any CPU
		{AD0D22EE-7C42-4E96-BF76-BE5B3C09925D}.Debug|Any CPU.ActiveCfg = Debug|Any CPU
		{AD0D22EE-7C42-4E96-BF76-BE5B3C09925D}.Debug|Any CPU.Build.0 = Debug|Any CPU
		{AD0D22EE-7C42-4E96-BF76-BE5B3C09925D}.Release|Any CPU.ActiveCfg = Release|Any CPU
		{AD0D22EE-7C42-4E96-BF76-BE5B3C09925D}.Release|Any CPU.Build.0 = Release|Any CPU
		{1B89E342-3634-4F37-AB0F-4C4408FD90EA}.Debug|Any CPU.ActiveCfg = Debug|Any CPU
		{1B89E342-3634-4F37-AB0F-4C4408FD90EA}.Debug|Any CPU.Build.0 = Debug|Any CPU
		{1B89E342-3634-4F37-AB0F-4C4408FD90EA}.Release|Any CPU.ActiveCfg = Release|Any CPU
		{1B89E342-3634-4F37-AB0F-4C4408FD90EA}.Release|Any CPU.Build.0 = Release|Any CPU
		{753EF1B0-DE85-4F97-A917-3AFADDA7455D}.Debug|Any CPU.ActiveCfg = Debug|Any CPU
		{753EF1B0-DE85-4F97-A917-3AFADDA7455D}.Debug|Any CPU.Build.0 = Debug|Any CPU
		{753EF1B0-DE85-4F97-A917-3AFADDA7455D}.Release|Any CPU.ActiveCfg = Release|Any CPU
		{753EF1B0-DE85-4F97-A917-3AFADDA7455D}.Release|Any CPU.Build.0 = Release|Any CPU
		{C8030692-3A6D-4C12-952C-C4DB1C04E00E}.Debug|Any CPU.ActiveCfg = Debug|Any CPU
		{C8030692-3A6D-4C12-952C-C4DB1C04E00E}.Debug|Any CPU.Build.0 = Debug|Any CPU
		{C8030692-3A6D-4C12-952C-C4DB1C04E00E}.Release|Any CPU.ActiveCfg = Release|Any CPU
		{C8030692-3A6D-4C12-952C-C4DB1C04E00E}.Release|Any CPU.Build.0 = Release|Any CPU
	EndGlobalSection
	GlobalSection(SolutionProperties) = preSolution
		HideSolutionNode = FALSE
	EndGlobalSection
	GlobalSection(NestedProjects) = preSolution
		{FF51A9DF-E0E7-4E19-B0D4-0AB127BBC523} = {07C528A1-B512-45B0-A7F4-5ADC2C39A30C}
		{02BD74FE-8414-49AB-A3A2-01F382A04F7B} = {24E68DB3-D0A7-428C-8404-6B6F9E8A242F}
		{33704540-4CE4-4EC4-A8D2-5F3F9A48CA36} = {07C528A1-B512-45B0-A7F4-5ADC2C39A30C}
		{43218B36-248E-4616-B6EA-D095BE799078} = {6C462A57-D3FE-43A3-8CD6-20072BA3615A}
		{E54CFC67-0DC4-4978-8918-A09F9F65861D} = {6C462A57-D3FE-43A3-8CD6-20072BA3615A}
		{73BF6373-2BAC-4E20-A3E2-0A7C320A50B4} = {24E68DB3-D0A7-428C-8404-6B6F9E8A242F}
		{83CFD5FC-005D-46ED-87E2-BC2542E2DBA4} = {96BA459C-166D-4BEB-A440-5C5AF4D787D6}
		{861C05E3-60E3-43F0-A63E-A284ED8C44E1} = {6E5A27C3-DC35-482A-8B36-861D4FD6321C}
		{DB5A7E69-9D91-4D7B-9046-11B4DE432314} = {6E5A27C3-DC35-482A-8B36-861D4FD6321C}
		{126F9F18-ECCE-4395-BAEF-908C6DE9ACDF} = {ED16DF5F-8BD0-42E4-ABE0-C46D506A7101}
		{1D9FC296-5290-4770-ABEA-108A1E469A8B} = {07C528A1-B512-45B0-A7F4-5ADC2C39A30C}
		{5DCBDD6B-A052-4EB8-AE29-58FE26774FF7} = {24E68DB3-D0A7-428C-8404-6B6F9E8A242F}
		{410E61C4-A293-4BFE-B6DB-19BB0121FFCB} = {6C462A57-D3FE-43A3-8CD6-20072BA3615A}
		{8313E66C-33AB-4444-A4C0-EDA96B73ABEB} = {6E5A27C3-DC35-482A-8B36-861D4FD6321C}
		{A7C2E986-53D6-41F4-9EE0-D421029FAEDB} = {ED16DF5F-8BD0-42E4-ABE0-C46D506A7101}
		{58C565B7-12FC-4E24-9CCE-E07E1EC01592} = {ED16DF5F-8BD0-42E4-ABE0-C46D506A7101}
		{A157B4A2-020A-4595-9895-EE3C8A84486D} = {96BA459C-166D-4BEB-A440-5C5AF4D787D6}
		{8E089958-A6EF-42CE-9182-E1D5A87B51F8} = {E2177BDE-10C0-4467-9CE8-F6E2FC6385CB}
		{94356B62-3300-4422-B0CA-F66FDEB80B24} = {73D42889-CCD3-4337-9A44-6AD3C827A190}
		{AD0D22EE-7C42-4E96-BF76-BE5B3C09925D} = {73D42889-CCD3-4337-9A44-6AD3C827A190}
		{1B89E342-3634-4F37-AB0F-4C4408FD90EA} = {73D42889-CCD3-4337-9A44-6AD3C827A190}
	EndGlobalSection
	GlobalSection(ExtensibilityGlobals) = postSolution
		SolutionGuid = {9E0CD6BB-A43C-44EE-89D7-6B9407FC3409}
	EndGlobalSection
EndGlobal
